// !$*UTF8*$!
{
	archiveVersion = 1;
	classes = {
	};
	objectVersion = 46;
	objects = {

/* Begin PBXBuildFile section */
		B40C064513A5055C00EFB9C6 /* main.cpp in Sources */ = {isa = PBXBuildFile; fileRef = B40C064413A5055C00EFB9C6 /* main.cpp */; };
		B40C064713A5055C00EFB9C6 /* snescom.1 in CopyFiles */ = {isa = PBXBuildFile; fileRef = B40C064613A5055C00EFB9C6 /* snescom.1 */; };
/* End PBXBuildFile section */

/* Begin PBXCopyFilesBuildPhase section */
		B40C063E13A5055B00EFB9C6 /* CopyFiles */ = {
			isa = PBXCopyFilesBuildPhase;
			buildActionMask = 2147483647;
			dstPath = /usr/share/man/man1/;
			dstSubfolderSpec = 0;
			files = (
				B40C064713A5055C00EFB9C6 /* snescom.1 in CopyFiles */,
			);
			runOnlyForDeploymentPostprocessing = 1;
		};
/* End PBXCopyFilesBuildPhase section */

/* Begin PBXFileReference section */
		B40C064013A5055B00EFB9C6 /* snescom */ = {isa = PBXFileReference; explicitFileType = "compiled.mach-o.executable"; includeInIndex = 0; path = snescom; sourceTree = BUILT_PRODUCTS_DIR; };
		B40C064413A5055C00EFB9C6 /* main.cpp */ = {isa = PBXFileReference; lastKnownFileType = sourcecode.cpp.cpp; path = main.cpp; sourceTree = "<group>"; };
		B40C064613A5055C00EFB9C6 /* snescom.1 */ = {isa = PBXFileReference; lastKnownFileType = text.man; path = snescom.1; sourceTree = "<group>"; };
/* End PBXFileReference section */

/* Begin PBXFrameworksBuildPhase section */
		B40C063D13A5055B00EFB9C6 /* Frameworks */ = {
			isa = PBXFrameworksBuildPhase;
			buildActionMask = 2147483647;
			files = (
			);
			runOnlyForDeploymentPostprocessing = 0;
		};
/* End PBXFrameworksBuildPhase section */

/* Begin PBXGroup section */
		B40C063513A5055B00EFB9C6 = {
			isa = PBXGroup;
			children = (
				B40C064313A5055C00EFB9C6 /* snescom */,
				B40C064113A5055B00EFB9C6 /* Products */,
			);
			sourceTree = "<group>";
		};
		B40C064113A5055B00EFB9C6 /* Products */ = {
			isa = PBXGroup;
			children = (
				B40C064013A5055B00EFB9C6 /* snescom */,
			);
			name = Products;
			sourceTree = "<group>";
		};
		B40C064313A5055C00EFB9C6 /* snescom */ = {
			isa = PBXGroup;
			children = (
				B40C064413A5055C00EFB9C6 /* main.cpp */,
				B40C064613A5055C00EFB9C6 /* snescom.1 */,
			);
			path = snescom;
			sourceTree = "<group>";
		};
/* End PBXGroup section */

/* Begin PBXNativeTarget section */
		B40C063F13A5055B00EFB9C6 /* snescom */ = {
			isa = PBXNativeTarget;
			buildConfigurationList = B40C064A13A5055C00EFB9C6 /* Build configuration list for PBXNativeTarget "snescom" */;
			buildPhases = (
				B40C063C13A5055B00EFB9C6 /* Sources */,
				B40C063D13A5055B00EFB9C6 /* Frameworks */,
				B40C063E13A5055B00EFB9C6 /* CopyFiles */,
			);
			buildRules = (
			);
			dependencies = (
			);
			name = snescom;
			productName = snescom;
			productReference = B40C064013A5055B00EFB9C6 /* snescom */;
			productType = "com.apple.product-type.tool";
		};
/* End PBXNativeTarget section */

/* Begin PBXProject section */
		B40C063713A5055B00EFB9C6 /* Project object */ = {
			isa = PBXProject;
			buildConfigurationList = B40C063A13A5055B00EFB9C6 /* Build configuration list for PBXProject "snescom" */;
			compatibilityVersion = "Xcode 3.2";
			developmentRegion = English;
			hasScannedForEncodings = 0;
			knownRegions = (
				en,
			);
			mainGroup = B40C063513A5055B00EFB9C6;
			productRefGroup = B40C064113A5055B00EFB9C6 /* Products */;
			projectDirPath = "";
			projectRoot = "";
			targets = (
				B40C063F13A5055B00EFB9C6 /* snescom */,
			);
		};
/* End PBXProject section */

/* Begin PBXSourcesBuildPhase section */
		B40C063C13A5055B00EFB9C6 /* Sources */ = {
			isa = PBXSourcesBuildPhase;
			buildActionMask = 2147483647;
			files = (
				B40C064513A5055C00EFB9C6 /* main.cpp in Sources */,
			);
			runOnlyForDeploymentPostprocessing = 0;
		};
/* End PBXSourcesBuildPhase section */

/* Begin XCBuildConfiguration section */
		B40C064813A5055C00EFB9C6 /* Debug */ = {
			isa = XCBuildConfiguration;
			buildSettings = {
				ALWAYS_SEARCH_USER_PATHS = NO;
				ARCHS = "$(ARCHS_STANDARD_32_64_BIT)";
				COPY_PHASE_STRIP = NO;
				GCC_C_LANGUAGE_STANDARD = gnu99;
				GCC_DYNAMIC_NO_PIC = NO;
				GCC_ENABLE_OBJC_EXCEPTIONS = YES;
				GCC_OPTIMIZATION_LEVEL = 0;
				GCC_PREPROCESSOR_DEFINITIONS = (
					"DEBUG=1",
					"$(inherited)",
				);
				GCC_SYMBOLS_PRIVATE_EXTERN = NO;
				GCC_VERSION = com.apple.compilers.llvm.clang.1_0;
				GCC_WARN_64_TO_32_BIT_CONVERSION = YES;
				GCC_WARN_ABOUT_MISSING_PROTOTYPES = YES;
				GCC_WARN_ABOUT_RETURN_TYPE = YES;
				GCC_WARN_UNUSED_VARIABLE = YES;
				MACOSX_DEPLOYMENT_TARGET = 10.6;
				ONLY_ACTIVE_ARCH = YES;
				SDKROOT = macosx;
			};
			name = Debug;
		};
		B40C064913A5055C00EFB9C6 /* Release */ = {
			isa = XCBuildConfiguration;
			buildSettings = {
				ALWAYS_SEARCH_USER_PATHS = NO;
				ARCHS = "$(ARCHS_STANDARD_32_64_BIT)";
				COPY_PHASE_STRIP = YES;
				DEBUG_INFORMATION_FORMAT = "dwarf-with-dsym";
				GCC_C_LANGUAGE_STANDARD = gnu99;
				GCC_ENABLE_OBJC_EXCEPTIONS = YES;
				GCC_VERSION = com.apple.compilers.llvm.clang.1_0;
				GCC_WARN_64_TO_32_BIT_CONVERSION = YES;
				GCC_WARN_ABOUT_MISSING_PROTOTYPES = YES;
				GCC_WARN_ABOUT_RETURN_TYPE = YES;
				GCC_WARN_UNUSED_VARIABLE = YES;
				MACOSX_DEPLOYMENT_TARGET = 10.6;
				SDKROOT = macosx;
			};
			name = Release;
		};
		B40C064B13A5055C00EFB9C6 /* Debug */ = {
			isa = XCBuildConfiguration;
			buildSettings = {
				PRODUCT_NAME = "$(TARGET_NAME)";
			};
			name = Debug;
		};
		B40C064C13A5055C00EFB9C6 /* Release */ = {
			isa = XCBuildConfiguration;
			buildSettings = {
				PRODUCT_NAME = "$(TARGET_NAME)";
			};
			name = Release;
		};
/* End XCBuildConfiguration section */

/* Begin XCConfigurationList section */
		B40C063A13A5055B00EFB9C6 /* Build configuration list for PBXProject "snescom" */ = {
			isa = XCConfigurationList;
			buildConfigurations = (
				B40C064813A5055C00EFB9C6 /* Debug */,
				B40C064913A5055C00EFB9C6 /* Release */,
			);
			defaultConfigurationIsVisible = 0;
			defaultConfigurationName = Release;
		};
		B40C064A13A5055C00EFB9C6 /* Build configuration list for PBXNativeTarget "snescom" */ = {
			isa = XCConfigurationList;
			buildConfigurations = (
				B40C064B13A5055C00EFB9C6 /* Debug */,
				B40C064C13A5055C00EFB9C6 /* Release */,
			);
			defaultConfigurationIsVisible = 0;
		};
/* End XCConfigurationList section */
	};
	rootObject = B40C063713A5055B00EFB9C6 /* Project object */;
}
